
Microsoft Visual Studio Solution File, Format Version 12.00
# Visual Studio 15
VisualStudioVersion = 15.0.28307.902
MinimumVisualStudioVersion = 10.0.40219.1
Project("{FAE04EC0-301F-11D3-BF4B-00C04F79EFBC}") = "GestioneClientiBanca", "GestioneClientiBanca\GestioneClientiBanca.csproj", "{A93A09EB-FE39-443A-B380-F5018ED6B8EB}"
EndProject
Global
	GlobalSection(SolutionConfigurationPlatforms) = preSolution
		Debug|Any CPU = Debug|Any CPU
		Release|Any CPU = Release|Any CPU
	EndGlobalSection
	GlobalSection(ProjectConfigurationPlatforms) = postSolution
		{A93A09EB-FE39-443A-B380-F5018ED6B8EB}.Debug|Any CPU.ActiveCfg = Debug|Any CPU
		{A93A09EB-FE39-443A-B380-F5018ED6B8EB}.Debug|Any CPU.Build.0 = Debug|Any CPU
		{A93A09EB-FE39-443A-B380-F5018ED6B8EB}.Release|Any CPU.ActiveCfg = Release|Any CPU
		{A93A09EB-FE39-443A-B380-F5018ED6B8EB}.Release|Any CPU.Build.0 = Release|Any CPU
	EndGlobalSection
	GlobalSection(SolutionProperties) = preSolution
		HideSolutionNode = FALSE
	EndGlobalSection
	GlobalSection(ExtensibilityGlobals) = postSolution
		SolutionGuid = {6C8461C2-6EAB-439F-9723-8D2225D3F707}
	EndGlobalSection
EndGlobal
